// !$*UTF8*$!
{
	archiveVersion = 1;
	classes = {
	};
	objectVersion = 56;
	objects = {

/* Begin PBXBuildFile section */
		37EEDA302C817AFE00A4F267 /* DailyGrind47App.swift in Sources */ = {isa = PBXBuildFile; fileRef = 37EEDA2F2C817AFE00A4F267 /* DailyGrind47App.swift */; };
		37EEDA322C817AFE00A4F267 /* ContentView.swift in Sources */ = {isa = PBXBuildFile; fileRef = 37EEDA312C817AFE00A4F267 /* ContentView.swift */; };
		37EEDA342C817AFF00A4F267 /* Assets.xcassets in Resources */ = {isa = PBXBuildFile; fileRef = 37EEDA332C817AFF00A4F267 /* Assets.xcassets */; };
		37EEDA382C817AFF00A4F267 /* Preview Assets.xcassets in Resources */ = {isa = PBXBuildFile; fileRef = 37EEDA372C817AFF00A4F267 /* Preview Assets.xcassets */; };
		37EEDA422C817AFF00A4F267 /* DailyGrind47Tests.swift in Sources */ = {isa = PBXBuildFile; fileRef = 37EEDA412C817AFF00A4F267 /* DailyGrind47Tests.swift */; };
		37EEDA4C2C817AFF00A4F267 /* DailyGrind47UITests.swift in Sources */ = {isa = PBXBuildFile; fileRef = 37EEDA4B2C817AFF00A4F267 /* DailyGrind47UITests.swift */; };
		37EEDA4E2C817AFF00A4F267 /* DailyGrind47UITestsLaunchTests.swift in Sources */ = {isa = PBXBuildFile; fileRef = 37EEDA4D2C817AFF00A4F267 /* DailyGrind47UITestsLaunchTests.swift */; };
		37EEDA5F2C81901B00A4F267 /* TabModel.swift in Sources */ = {isa = PBXBuildFile; fileRef = 37EEDA5E2C81901B00A4F267 /* TabModel.swift */; };
		37EEDA612C81902B00A4F267 /* TabPosition.swift in Sources */ = {isa = PBXBuildFile; fileRef = 37EEDA602C81902B00A4F267 /* TabPosition.swift */; };
		37EEDA632C81903C00A4F267 /* TabShape.swift in Sources */ = {isa = PBXBuildFile; fileRef = 37EEDA622C81903C00A4F267 /* TabShape.swift */; };
		37EEDA652C81904E00A4F267 /* TabBarHome.swift in Sources */ = {isa = PBXBuildFile; fileRef = 37EEDA642C81904E00A4F267 /* TabBarHome.swift */; };
		37EEDA672C8192E300A4F267 /* SwipeAction.swift in Sources */ = {isa = PBXBuildFile; fileRef = 37EEDA662C8192E300A4F267 /* SwipeAction.swift */; };
		37EEDA692C81AAE500A4F267 /* Objective.swift in Sources */ = {isa = PBXBuildFile; fileRef = 37EEDA682C81AAE500A4F267 /* Objective.swift */; };
		37EEDA6B2C81AFC300A4F267 /* TintColor.swift in Sources */ = {isa = PBXBuildFile; fileRef = 37EEDA6A2C81AFC300A4F267 /* TintColor.swift */; };
		37EEDA6F2C81B44400A4F267 /* Constants.swift in Sources */ = {isa = PBXBuildFile; fileRef = 37EEDA6E2C81B44400A4F267 /* Constants.swift */; };
		37EEDA712C81B4A900A4F267 /* View+Extension.swift in Sources */ = {isa = PBXBuildFile; fileRef = 37EEDA702C81B4A900A4F267 /* View+Extension.swift */; };
		37EEDA732C81BA5400A4F267 /* Note.swift in Sources */ = {isa = PBXBuildFile; fileRef = 37EEDA722C81BA5400A4F267 /* Note.swift */; };
/* End PBXBuildFile section */

/* Begin PBXContainerItemProxy section */
		37EEDA3E2C817AFF00A4F267 /* PBXContainerItemProxy */ = {
			isa = PBXContainerItemProxy;
			containerPortal = 37EEDA242C817AFE00A4F267 /* Project object */;
			proxyType = 1;
			remoteGlobalIDString = 37EEDA2B2C817AFE00A4F267;
			remoteInfo = DailyGrind47;
		};
		37EEDA482C817AFF00A4F267 /* PBXContainerItemProxy */ = {
			isa = PBXContainerItemProxy;
			containerPortal = 37EEDA242C817AFE00A4F267 /* Project object */;
			proxyType = 1;
			remoteGlobalIDString = 37EEDA2B2C817AFE00A4F267;
			remoteInfo = DailyGrind47;
		};
/* End PBXContainerItemProxy section */

/* Begin PBXFileReference section */
		37EEDA2C2C817AFE00A4F267 /* DailyGrind47.app */ = {isa = PBXFileReference; explicitFileType = wrapper.application; includeInIndex = 0; path = DailyGrind47.app; sourceTree = BUILT_PRODUCTS_DIR; };
		37EEDA2F2C817AFE00A4F267 /* DailyGrind47App.swift */ = {isa = PBXFileReference; lastKnownFileType = sourcecode.swift; path = DailyGrind47App.swift; sourceTree = "<group>"; };
		37EEDA312C817AFE00A4F267 /* ContentView.swift */ = {isa = PBXFileReference; lastKnownFileType = sourcecode.swift; path = ContentView.swift; sourceTree = "<group>"; };
		37EEDA332C817AFF00A4F267 /* Assets.xcassets */ = {isa = PBXFileReference; lastKnownFileType = folder.assetcatalog; path = Assets.xcassets; sourceTree = "<group>"; };
		37EEDA352C817AFF00A4F267 /* DailyGrind47.entitlements */ = {isa = PBXFileReference; lastKnownFileType = text.plist.entitlements; path = DailyGrind47.entitlements; sourceTree = "<group>"; };
		37EEDA372C817AFF00A4F267 /* Preview Assets.xcassets */ = {isa = PBXFileReference; lastKnownFileType = folder.assetcatalog; path = "Preview Assets.xcassets"; sourceTree = "<group>"; };
		37EEDA3D2C817AFF00A4F267 /* DailyGrind47Tests.xctest */ = {isa = PBXFileReference; explicitFileType = wrapper.cfbundle; includeInIndex = 0; path = DailyGrind47Tests.xctest; sourceTree = BUILT_PRODUCTS_DIR; };
		37EEDA412C817AFF00A4F267 /* DailyGrind47Tests.swift */ = {isa = PBXFileReference; lastKnownFileType = sourcecode.swift; path = DailyGrind47Tests.swift; sourceTree = "<group>"; };
		37EEDA472C817AFF00A4F267 /* DailyGrind47UITests.xctest */ = {isa = PBXFileReference; explicitFileType = wrapper.cfbundle; includeInIndex = 0; path = DailyGrind47UITests.xctest; sourceTree = BUILT_PRODUCTS_DIR; };
		37EEDA4B2C817AFF00A4F267 /* DailyGrind47UITests.swift */ = {isa = PBXFileReference; lastKnownFileType = sourcecode.swift; path = DailyGrind47UITests.swift; sourceTree = "<group>"; };
		37EEDA4D2C817AFF00A4F267 /* DailyGrind47UITestsLaunchTests.swift */ = {isa = PBXFileReference; lastKnownFileType = sourcecode.swift; path = DailyGrind47UITestsLaunchTests.swift; sourceTree = "<group>"; };
		37EEDA5E2C81901B00A4F267 /* TabModel.swift */ = {isa = PBXFileReference; lastKnownFileType = sourcecode.swift; path = TabModel.swift; sourceTree = "<group>"; };
		37EEDA602C81902B00A4F267 /* TabPosition.swift */ = {isa = PBXFileReference; lastKnownFileType = sourcecode.swift; path = TabPosition.swift; sourceTree = "<group>"; };
		37EEDA622C81903C00A4F267 /* TabShape.swift */ = {isa = PBXFileReference; lastKnownFileType = sourcecode.swift; path = TabShape.swift; sourceTree = "<group>"; };
		37EEDA642C81904E00A4F267 /* TabBarHome.swift */ = {isa = PBXFileReference; lastKnownFileType = sourcecode.swift; path = TabBarHome.swift; sourceTree = "<group>"; };
		37EEDA662C8192E300A4F267 /* SwipeAction.swift */ = {isa = PBXFileReference; lastKnownFileType = sourcecode.swift; path = SwipeAction.swift; sourceTree = "<group>"; };
		37EEDA682C81AAE500A4F267 /* Objective.swift */ = {isa = PBXFileReference; lastKnownFileType = sourcecode.swift; path = Objective.swift; sourceTree = "<group>"; };
		37EEDA6A2C81AFC300A4F267 /* TintColor.swift */ = {isa = PBXFileReference; lastKnownFileType = sourcecode.swift; path = TintColor.swift; sourceTree = "<group>"; };
		37EEDA6E2C81B44400A4F267 /* Constants.swift */ = {isa = PBXFileReference; lastKnownFileType = sourcecode.swift; path = Constants.swift; sourceTree = "<group>"; };
		37EEDA702C81B4A900A4F267 /* View+Extension.swift */ = {isa = PBXFileReference; lastKnownFileType = sourcecode.swift; path = "View+Extension.swift"; sourceTree = "<group>"; };
		37EEDA722C81BA5400A4F267 /* Note.swift */ = {isa = PBXFileReference; lastKnownFileType = sourcecode.swift; path = Note.swift; sourceTree = "<group>"; };
/* End PBXFileReference section */

/* Begin PBXFrameworksBuildPhase section */
		37EEDA292C817AFE00A4F267 /* Frameworks */ = {
			isa = PBXFrameworksBuildPhase;
			buildActionMask = 2147483647;
			files = (
			);
			runOnlyForDeploymentPostprocessing = 0;
		};
		37EEDA3A2C817AFF00A4F267 /* Frameworks */ = {
			isa = PBXFrameworksBuildPhase;
			buildActionMask = 2147483647;
			files = (
			);
			runOnlyForDeploymentPostprocessing = 0;
		};
		37EEDA442C817AFF00A4F267 /* Frameworks */ = {
			isa = PBXFrameworksBuildPhase;
			buildActionMask = 2147483647;
			files = (
			);
			runOnlyForDeploymentPostprocessing = 0;
		};
/* End PBXFrameworksBuildPhase section */

/* Begin PBXGroup section */
		37EEDA232C817AFE00A4F267 = {
			isa = PBXGroup;
			children = (
				37EEDA2E2C817AFE00A4F267 /* DailyGrind47 */,
				37EEDA402C817AFF00A4F267 /* DailyGrind47Tests */,
				37EEDA4A2C817AFF00A4F267 /* DailyGrind47UITests */,
				37EEDA2D2C817AFE00A4F267 /* Products */,
			);
			sourceTree = "<group>";
		};
		37EEDA2D2C817AFE00A4F267 /* Products */ = {
			isa = PBXGroup;
			children = (
				37EEDA2C2C817AFE00A4F267 /* DailyGrind47.app */,
				37EEDA3D2C817AFF00A4F267 /* DailyGrind47Tests.xctest */,
				37EEDA472C817AFF00A4F267 /* DailyGrind47UITests.xctest */,
			);
			name = Products;
			sourceTree = "<group>";
		};
		37EEDA2E2C817AFE00A4F267 /* DailyGrind47 */ = {
			isa = PBXGroup;
			children = (
				37EEDA2F2C817AFE00A4F267 /* DailyGrind47App.swift */,
				37EEDA5D2C81900A00A4F267 /* TabBarPackage */,
				37EEDA5C2C8188D000A4F267 /* Support */,
				37EEDA5A2C8188BC00A4F267 /* Models */,
				37EEDA5B2C8188C800A4F267 /* Views */,
				37EEDA332C817AFF00A4F267 /* Assets.xcassets */,
				37EEDA352C817AFF00A4F267 /* DailyGrind47.entitlements */,
				37EEDA362C817AFF00A4F267 /* Preview Content */,
			);
			path = DailyGrind47;
			sourceTree = "<group>";
		};
		37EEDA362C817AFF00A4F267 /* Preview Content */ = {
			isa = PBXGroup;
			children = (
				37EEDA372C817AFF00A4F267 /* Preview Assets.xcassets */,
			);
			path = "Preview Content";
			sourceTree = "<group>";
		};
		37EEDA402C817AFF00A4F267 /* DailyGrind47Tests */ = {
			isa = PBXGroup;
			children = (
				37EEDA412C817AFF00A4F267 /* DailyGrind47Tests.swift */,
			);
			path = DailyGrind47Tests;
			sourceTree = "<group>";
		};
		37EEDA4A2C817AFF00A4F267 /* DailyGrind47UITests */ = {
			isa = PBXGroup;
			children = (
				37EEDA4B2C817AFF00A4F267 /* DailyGrind47UITests.swift */,
				37EEDA4D2C817AFF00A4F267 /* DailyGrind47UITestsLaunchTests.swift */,
			);
			path = DailyGrind47UITests;
			sourceTree = "<group>";
		};
		37EEDA5A2C8188BC00A4F267 /* Models */ = {
			isa = PBXGroup;
			children = (
				37EEDA682C81AAE500A4F267 /* Objective.swift */,
				37EEDA6A2C81AFC300A4F267 /* TintColor.swift */,
				37EEDA722C81BA5400A4F267 /* Note.swift */,
			);
			path = Models;
			sourceTree = "<group>";
		};
		37EEDA5B2C8188C800A4F267 /* Views */ = {
			isa = PBXGroup;
			children = (
				37EEDA312C817AFE00A4F267 /* ContentView.swift */,
			);
			path = Views;
			sourceTree = "<group>";
		};
		37EEDA5C2C8188D000A4F267 /* Support */ = {
			isa = PBXGroup;
			children = (
				37EEDA662C8192E300A4F267 /* SwipeAction.swift */,
				37EEDA6E2C81B44400A4F267 /* Constants.swift */,
				37EEDA702C81B4A900A4F267 /* View+Extension.swift */,
			);
			path = Support;
			sourceTree = "<group>";
		};
		37EEDA5D2C81900A00A4F267 /* TabBarPackage */ = {
			isa = PBXGroup;
			children = (
				37EEDA5E2C81901B00A4F267 /* TabModel.swift */,
				37EEDA602C81902B00A4F267 /* TabPosition.swift */,
				37EEDA622C81903C00A4F267 /* TabShape.swift */,
				37EEDA642C81904E00A4F267 /* TabBarHome.swift */,
			);
			path = TabBarPackage;
			sourceTree = "<group>";
		};
/* End PBXGroup section */

/* Begin PBXNativeTarget section */
		37EEDA2B2C817AFE00A4F267 /* DailyGrind47 */ = {
			isa = PBXNativeTarget;
			buildConfigurationList = 37EEDA512C817AFF00A4F267 /* Build configuration list for PBXNativeTarget "DailyGrind47" */;
			buildPhases = (
				37EEDA282C817AFE00A4F267 /* Sources */,
				37EEDA292C817AFE00A4F267 /* Frameworks */,
				37EEDA2A2C817AFE00A4F267 /* Resources */,
			);
			buildRules = (
			);
			dependencies = (
			);
			name = DailyGrind47;
			productName = DailyGrind47;
			productReference = 37EEDA2C2C817AFE00A4F267 /* DailyGrind47.app */;
			productType = "com.apple.product-type.application";
		};
		37EEDA3C2C817AFF00A4F267 /* DailyGrind47Tests */ = {
			isa = PBXNativeTarget;
			buildConfigurationList = 37EEDA542C817AFF00A4F267 /* Build configuration list for PBXNativeTarget "DailyGrind47Tests" */;
			buildPhases = (
				37EEDA392C817AFF00A4F267 /* Sources */,
				37EEDA3A2C817AFF00A4F267 /* Frameworks */,
				37EEDA3B2C817AFF00A4F267 /* Resources */,
			);
			buildRules = (
			);
			dependencies = (
				37EEDA3F2C817AFF00A4F267 /* PBXTargetDependency */,
			);
			name = DailyGrind47Tests;
			productName = DailyGrind47Tests;
			productReference = 37EEDA3D2C817AFF00A4F267 /* DailyGrind47Tests.xctest */;
			productType = "com.apple.product-type.bundle.unit-test";
		};
		37EEDA462C817AFF00A4F267 /* DailyGrind47UITests */ = {
			isa = PBXNativeTarget;
			buildConfigurationList = 37EEDA572C817AFF00A4F267 /* Build configuration list for PBXNativeTarget "DailyGrind47UITests" */;
			buildPhases = (
				37EEDA432C817AFF00A4F267 /* Sources */,
				37EEDA442C817AFF00A4F267 /* Frameworks */,
				37EEDA452C817AFF00A4F267 /* Resources */,
			);
			buildRules = (
			);
			dependencies = (
				37EEDA492C817AFF00A4F267 /* PBXTargetDependency */,
			);
			name = DailyGrind47UITests;
			productName = DailyGrind47UITests;
			productReference = 37EEDA472C817AFF00A4F267 /* DailyGrind47UITests.xctest */;
			productType = "com.apple.product-type.bundle.ui-testing";
		};
/* End PBXNativeTarget section */

/* Begin PBXProject section */
		37EEDA242C817AFE00A4F267 /* Project object */ = {
			isa = PBXProject;
			attributes = {
				BuildIndependentTargetsInParallel = 1;
				LastSwiftUpdateCheck = 1540;
				LastUpgradeCheck = 1540;
				TargetAttributes = {
					37EEDA2B2C817AFE00A4F267 = {
						CreatedOnToolsVersion = 15.4;
					};
					37EEDA3C2C817AFF00A4F267 = {
						CreatedOnToolsVersion = 15.4;
						TestTargetID = 37EEDA2B2C817AFE00A4F267;
					};
					37EEDA462C817AFF00A4F267 = {
						CreatedOnToolsVersion = 15.4;
						TestTargetID = 37EEDA2B2C817AFE00A4F267;
					};
				};
			};
			buildConfigurationList = 37EEDA272C817AFE00A4F267 /* Build configuration list for PBXProject "DailyGrind47" */;
			compatibilityVersion = "Xcode 14.0";
			developmentRegion = en;
			hasScannedForEncodings = 0;
			knownRegions = (
				en,
				Base,
			);
			mainGroup = 37EEDA232C817AFE00A4F267;
			productRefGroup = 37EEDA2D2C817AFE00A4F267 /* Products */;
			projectDirPath = "";
			projectRoot = "";
			targets = (
				37EEDA2B2C817AFE00A4F267 /* DailyGrind47 */,
				37EEDA3C2C817AFF00A4F267 /* DailyGrind47Tests */,
				37EEDA462C817AFF00A4F267 /* DailyGrind47UITests */,
			);
		};
/* End PBXProject section */

/* Begin PBXResourcesBuildPhase section */
		37EEDA2A2C817AFE00A4F267 /* Resources */ = {
			isa = PBXResourcesBuildPhase;
			buildActionMask = 2147483647;
			files = (
				37EEDA382C817AFF00A4F267 /* Preview Assets.xcassets in Resources */,
				37EEDA342C817AFF00A4F267 /* Assets.xcassets in Resources */,
			);
			runOnlyForDeploymentPostprocessing = 0;
		};
		37EEDA3B2C817AFF00A4F267 /* Resources */ = {
			isa = PBXResourcesBuildPhase;
			buildActionMask = 2147483647;
			files = (
			);
			runOnlyForDeploymentPostprocessing = 0;
		};
		37EEDA452C817AFF00A4F267 /* Resources */ = {
			isa = PBXResourcesBuildPhase;
			buildActionMask = 2147483647;
			files = (
			);
			runOnlyForDeploymentPostprocessing = 0;
		};
/* End PBXResourcesBuildPhase section */

/* Begin PBXSourcesBuildPhase section */
		37EEDA282C817AFE00A4F267 /* Sources */ = {
			isa = PBXSourcesBuildPhase;
			buildActionMask = 2147483647;
			files = (
				37EEDA612C81902B00A4F267 /* TabPosition.swift in Sources */,
				37EEDA6F2C81B44400A4F267 /* Constants.swift in Sources */,
				37EEDA5F2C81901B00A4F267 /* TabModel.swift in Sources */,
				37EEDA322C817AFE00A4F267 /* ContentView.swift in Sources */,
				37EEDA302C817AFE00A4F267 /* DailyGrind47App.swift in Sources */,
				37EEDA652C81904E00A4F267 /* TabBarHome.swift in Sources */,
				37EEDA692C81AAE500A4F267 /* Objective.swift in Sources */,
				37EEDA632C81903C00A4F267 /* TabShape.swift in Sources */,
				37EEDA6B2C81AFC300A4F267 /* TintColor.swift in Sources */,
				37EEDA712C81B4A900A4F267 /* View+Extension.swift in Sources */,
				37EEDA672C8192E300A4F267 /* SwipeAction.swift in Sources */,
				37EEDA732C81BA5400A4F267 /* Note.swift in Sources */,
			);
			runOnlyForDeploymentPostprocessing = 0;
		};
		37EEDA392C817AFF00A4F267 /* Sources */ = {
			isa = PBXSourcesBuildPhase;
			buildActionMask = 2147483647;
			files = (
				37EEDA422C817AFF00A4F267 /* DailyGrind47Tests.swift in Sources */,
			);
			runOnlyForDeploymentPostprocessing = 0;
		};
		37EEDA432C817AFF00A4F267 /* Sources */ = {
			isa = PBXSourcesBuildPhase;
			buildActionMask = 2147483647;
			files = (
				37EEDA4E2C817AFF00A4F267 /* DailyGrind47UITestsLaunchTests.swift in Sources */,
				37EEDA4C2C817AFF00A4F267 /* DailyGrind47UITests.swift in Sources */,
			);
			runOnlyForDeploymentPostprocessing = 0;
		};
/* End PBXSourcesBuildPhase section */

/* Begin PBXTargetDependency section */
		37EEDA3F2C817AFF00A4F267 /* PBXTargetDependency */ = {
			isa = PBXTargetDependency;
			target = 37EEDA2B2C817AFE00A4F267 /* DailyGrind47 */;
			targetProxy = 37EEDA3E2C817AFF00A4F267 /* PBXContainerItemProxy */;
		};
		37EEDA492C817AFF00A4F267 /* PBXTargetDependency */ = {
			isa = PBXTargetDependency;
			target = 37EEDA2B2C817AFE00A4F267 /* DailyGrind47 */;
			targetProxy = 37EEDA482C817AFF00A4F267 /* PBXContainerItemProxy */;
		};
/* End PBXTargetDependency section */

/* Begin XCBuildConfiguration section */
		37EEDA4F2C817AFF00A4F267 /* Debug */ = {
			isa = XCBuildConfiguration;
			buildSettings = {
				ALWAYS_SEARCH_USER_PATHS = NO;
				ASSETCATALOG_COMPILER_GENERATE_SWIFT_ASSET_SYMBOL_EXTENSIONS = YES;
				CLANG_ANALYZER_NONNULL = YES;
				CLANG_ANALYZER_NUMBER_OBJECT_CONVERSION = YES_AGGRESSIVE;
				CLANG_CXX_LANGUAGE_STANDARD = "gnu++20";
				CLANG_ENABLE_MODULES = YES;
				CLANG_ENABLE_OBJC_ARC = YES;
				CLANG_ENABLE_OBJC_WEAK = YES;
				CLANG_WARN_BLOCK_CAPTURE_AUTORELEASING = YES;
				CLANG_WARN_BOOL_CONVERSION = YES;
				CLANG_WARN_COMMA = YES;
				CLANG_WARN_CONSTANT_CONVERSION = YES;
				CLANG_WARN_DEPRECATED_OBJC_IMPLEMENTATIONS = YES;
				CLANG_WARN_DIRECT_OBJC_ISA_USAGE = YES_ERROR;
				CLANG_WARN_DOCUMENTATION_COMMENTS = YES;
				CLANG_WARN_EMPTY_BODY = YES;
				CLANG_WARN_ENUM_CONVERSION = YES;
				CLANG_WARN_INFINITE_RECURSION = YES;
				CLANG_WARN_INT_CONVERSION = YES;
				CLANG_WARN_NON_LITERAL_NULL_CONVERSION = YES;
				CLANG_WARN_OBJC_IMPLICIT_RETAIN_SELF = YES;
				CLANG_WARN_OBJC_LITERAL_CONVERSION = YES;
				CLANG_WARN_OBJC_ROOT_CLASS = YES_ERROR;
				CLANG_WARN_QUOTED_INCLUDE_IN_FRAMEWORK_HEADER = YES;
				CLANG_WARN_RANGE_LOOP_ANALYSIS = YES;
				CLANG_WARN_STRICT_PROTOTYPES = YES;
				CLANG_WARN_SUSPICIOUS_MOVE = YES;
				CLANG_WARN_UNGUARDED_AVAILABILITY = YES_AGGRESSIVE;
				CLANG_WARN_UNREACHABLE_CODE = YES;
				CLANG_WARN__DUPLICATE_METHOD_MATCH = YES;
				COPY_PHASE_STRIP = NO;
				DEBUG_INFORMATION_FORMAT = dwarf;
				ENABLE_STRICT_OBJC_MSGSEND = YES;
				ENABLE_TESTABILITY = YES;
				ENABLE_USER_SCRIPT_SANDBOXING = YES;
				GCC_C_LANGUAGE_STANDARD = gnu17;
				GCC_DYNAMIC_NO_PIC = NO;
				GCC_NO_COMMON_BLOCKS = YES;
				GCC_OPTIMIZATION_LEVEL = 0;
				GCC_PREPROCESSOR_DEFINITIONS = (
					"DEBUG=1",
					"$(inherited)",
				);
				GCC_WARN_64_TO_32_BIT_CONVERSION = YES;
				GCC_WARN_ABOUT_RETURN_TYPE = YES_ERROR;
				GCC_WARN_UNDECLARED_SELECTOR = YES;
				GCC_WARN_UNINITIALIZED_AUTOS = YES_AGGRESSIVE;
				GCC_WARN_UNUSED_FUNCTION = YES;
				GCC_WARN_UNUSED_VARIABLE = YES;
				LOCALIZATION_PREFERS_STRING_CATALOGS = YES;
				MTL_ENABLE_DEBUG_INFO = INCLUDE_SOURCE;
				MTL_FAST_MATH = YES;
				ONLY_ACTIVE_ARCH = YES;
				SWIFT_ACTIVE_COMPILATION_CONDITIONS = "DEBUG $(inherited)";
				SWIFT_OPTIMIZATION_LEVEL = "-Onone";
			};
			name = Debug;
		};
		37EEDA502C817AFF00A4F267 /* Release */ = {
			isa = XCBuildConfiguration;
			buildSettings = {
				ALWAYS_SEARCH_USER_PATHS = NO;
				ASSETCATALOG_COMPILER_GENERATE_SWIFT_ASSET_SYMBOL_EXTENSIONS = YES;
				CLANG_ANALYZER_NONNULL = YES;
				CLANG_ANALYZER_NUMBER_OBJECT_CONVERSION = YES_AGGRESSIVE;
				CLANG_CXX_LANGUAGE_STANDARD = "gnu++20";
				CLANG_ENABLE_MODULES = YES;
				CLANG_ENABLE_OBJC_ARC = YES;
				CLANG_ENABLE_OBJC_WEAK = YES;
				CLANG_WARN_BLOCK_CAPTURE_AUTORELEASING = YES;
				CLANG_WARN_BOOL_CONVERSION = YES;
				CLANG_WARN_COMMA = YES;
				CLANG_WARN_CONSTANT_CONVERSION = YES;
				CLANG_WARN_DEPRECATED_OBJC_IMPLEMENTATIONS = YES;
				CLANG_WARN_DIRECT_OBJC_ISA_USAGE = YES_ERROR;
				CLANG_WARN_DOCUMENTATION_COMMENTS = YES;
				CLANG_WARN_EMPTY_BODY = YES;
				CLANG_WARN_ENUM_CONVERSION = YES;
				CLANG_WARN_INFINITE_RECURSION = YES;
				CLANG_WARN_INT_CONVERSION = YES;
				CLANG_WARN_NON_LITERAL_NULL_CONVERSION = YES;
				CLANG_WARN_OBJC_IMPLICIT_RETAIN_SELF = YES;
				CLANG_WARN_OBJC_LITERAL_CONVERSION = YES;
				CLANG_WARN_OBJC_ROOT_CLASS = YES_ERROR;
				CLANG_WARN_QUOTED_INCLUDE_IN_FRAMEWORK_HEADER = YES;
				CLANG_WARN_RANGE_LOOP_ANALYSIS = YES;
				CLANG_WARN_STRICT_PROTOTYPES = YES;
				CLANG_WARN_SUSPICIOUS_MOVE = YES;
				CLANG_WARN_UNGUARDED_AVAILABILITY = YES_AGGRESSIVE;
				CLANG_WARN_UNREACHABLE_CODE = YES;
				CLANG_WARN__DUPLICATE_METHOD_MATCH = YES;
				COPY_PHASE_STRIP = NO;
				DEBUG_INFORMATION_FORMAT = "dwarf-with-dsym";
				ENABLE_NS_ASSERTIONS = NO;
				ENABLE_STRICT_OBJC_MSGSEND = YES;
				ENABLE_USER_SCRIPT_SANDBOXING = YES;
				GCC_C_LANGUAGE_STANDARD = gnu17;
				GCC_NO_COMMON_BLOCKS = YES;
				GCC_WARN_64_TO_32_BIT_CONVERSION = YES;
				GCC_WARN_ABOUT_RETURN_TYPE = YES_ERROR;
				GCC_WARN_UNDECLARED_SELECTOR = YES;
				GCC_WARN_UNINITIALIZED_AUTOS = YES_AGGRESSIVE;
				GCC_WARN_UNUSED_FUNCTION = YES;
				GCC_WARN_UNUSED_VARIABLE = YES;
				LOCALIZATION_PREFERS_STRING_CATALOGS = YES;
				MTL_ENABLE_DEBUG_INFO = NO;
				MTL_FAST_MATH = YES;
				SWIFT_COMPILATION_MODE = wholemodule;
			};
			name = Release;
		};
		37EEDA522C817AFF00A4F267 /* Debug */ = {
			isa = XCBuildConfiguration;
			buildSettings = {
				ASSETCATALOG_COMPILER_APPICON_NAME = AppIcon;
				ASSETCATALOG_COMPILER_GLOBAL_ACCENT_COLOR_NAME = AccentColor;
				CODE_SIGN_ENTITLEMENTS = DailyGrind47/DailyGrind47.entitlements;
				CODE_SIGN_STYLE = Automatic;
				CURRENT_PROJECT_VERSION = 1;
				DEVELOPMENT_ASSET_PATHS = "\"DailyGrind47/Preview Content\"";
				DEVELOPMENT_TEAM = 99S33YCFRB;
				ENABLE_HARDENED_RUNTIME = YES;
				ENABLE_PREVIEWS = YES;
				GENERATE_INFOPLIST_FILE = YES;
				"INFOPLIST_KEY_UIApplicationSceneManifest_Generation[sdk=iphoneos*]" = YES;
				"INFOPLIST_KEY_UIApplicationSceneManifest_Generation[sdk=iphonesimulator*]" = YES;
				"INFOPLIST_KEY_UIApplicationSupportsIndirectInputEvents[sdk=iphoneos*]" = YES;
				"INFOPLIST_KEY_UIApplicationSupportsIndirectInputEvents[sdk=iphonesimulator*]" = YES;
				"INFOPLIST_KEY_UILaunchScreen_Generation[sdk=iphoneos*]" = YES;
				"INFOPLIST_KEY_UILaunchScreen_Generation[sdk=iphonesimulator*]" = YES;
				"INFOPLIST_KEY_UIStatusBarStyle[sdk=iphoneos*]" = UIStatusBarStyleDefault;
				"INFOPLIST_KEY_UIStatusBarStyle[sdk=iphonesimulator*]" = UIStatusBarStyleDefault;
				INFOPLIST_KEY_UISupportedInterfaceOrientations_iPad = "UIInterfaceOrientationPortrait UIInterfaceOrientationPortraitUpsideDown UIInterfaceOrientationLandscapeLeft UIInterfaceOrientationLandscapeRight";
				INFOPLIST_KEY_UISupportedInterfaceOrientations_iPhone = "UIInterfaceOrientationPortrait UIInterfaceOrientationLandscapeLeft UIInterfaceOrientationLandscapeRight";
				IPHONEOS_DEPLOYMENT_TARGET = 17.5;
				LD_RUNPATH_SEARCH_PATHS = "@executable_path/Frameworks";
				"LD_RUNPATH_SEARCH_PATHS[sdk=macosx*]" = "@executable_path/../Frameworks";
				MACOSX_DEPLOYMENT_TARGET = 14.5;
				MARKETING_VERSION = 1.0;
				PRODUCT_BUNDLE_IDENTIFIER = com.tnt.DailyGrind47;
				PRODUCT_NAME = "$(TARGET_NAME)";
				SDKROOT = auto;
				SUPPORTED_PLATFORMS = "iphoneos iphonesimulator macosx";
				SWIFT_EMIT_LOC_STRINGS = YES;
				SWIFT_VERSION = 5.0;
				TARGETED_DEVICE_FAMILY = "1,2";
			};
			name = Debug;
		};
		37EEDA532C817AFF00A4F267 /* Release */ = {
			isa = XCBuildConfiguration;
			buildSettings = {
				ASSETCATALOG_COMPILER_APPICON_NAME = AppIcon;
				ASSETCATALOG_COMPILER_GLOBAL_ACCENT_COLOR_NAME = AccentColor;
				CODE_SIGN_ENTITLEMENTS = DailyGrind47/DailyGrind47.entitlements;
				CODE_SIGN_STYLE = Automatic;
				CURRENT_PROJECT_VERSION = 1;
				DEVELOPMENT_ASSET_PATHS = "\"DailyGrind47/Preview Content\"";
				DEVELOPMENT_TEAM = 99S33YCFRB;
				ENABLE_HARDENED_RUNTIME = YES;
				ENABLE_PREVIEWS = YES;
				GENERATE_INFOPLIST_FILE = YES;
				"INFOPLIST_KEY_UIApplicationSceneManifest_Generation[sdk=iphoneos*]" = YES;
				"INFOPLIST_KEY_UIApplicationSceneManifest_Generation[sdk=iphonesimulator*]" = YES;
				"INFOPLIST_KEY_UIApplicationSupportsIndirectInputEvents[sdk=iphoneos*]" = YES;
				"INFOPLIST_KEY_UIApplicationSupportsIndirectInputEvents[sdk=iphonesimulator*]" = YES;
				"INFOPLIST_KEY_UILaunchScreen_Generation[sdk=iphoneos*]" = YES;
				"INFOPLIST_KEY_UILaunchScreen_Generation[sdk=iphonesimulator*]" = YES;
				"INFOPLIST_KEY_UIStatusBarStyle[sdk=iphoneos*]" = UIStatusBarStyleDefault;
				"INFOPLIST_KEY_UIStatusBarStyle[sdk=iphonesimulator*]" = UIStatusBarStyleDefault;
				INFOPLIST_KEY_UISupportedInterfaceOrientations_iPad = "UIInterfaceOrientationPortrait UIInterfaceOrientationPortraitUpsideDown UIInterfaceOrientationLandscapeLeft UIInterfaceOrientationLandscapeRight";
				INFOPLIST_KEY_UISupportedInterfaceOrientations_iPhone = "UIInterfaceOrientationPortrait UIInterfaceOrientationLandscapeLeft UIInterfaceOrientationLandscapeRight";
				IPHONEOS_DEPLOYMENT_TARGET = 17.5;
				LD_RUNPATH_SEARCH_PATHS = "@executable_path/Frameworks";
				"LD_RUNPATH_SEARCH_PATHS[sdk=macosx*]" = "@executable_path/../Frameworks";
				MACOSX_DEPLOYMENT_TARGET = 14.5;
				MARKETING_VERSION = 1.0;
				PRODUCT_BUNDLE_IDENTIFIER = com.tnt.DailyGrind47;
				PRODUCT_NAME = "$(TARGET_NAME)";
				SDKROOT = auto;
				SUPPORTED_PLATFORMS = "iphoneos iphonesimulator macosx";
				SWIFT_EMIT_LOC_STRINGS = YES;
				SWIFT_VERSION = 5.0;
				TARGETED_DEVICE_FAMILY = "1,2";
			};
			name = Release;
		};
		37EEDA552C817AFF00A4F267 /* Debug */ = {
			isa = XCBuildConfiguration;
			buildSettings = {
				ALWAYS_EMBED_SWIFT_STANDARD_LIBRARIES = YES;
				BUNDLE_LOADER = "$(TEST_HOST)";
				CODE_SIGN_STYLE = Automatic;
				CURRENT_PROJECT_VERSION = 1;
				DEVELOPMENT_TEAM = 99S33YCFRB;
				GENERATE_INFOPLIST_FILE = YES;
				IPHONEOS_DEPLOYMENT_TARGET = 17.5;
				MACOSX_DEPLOYMENT_TARGET = 14.5;
				MARKETING_VERSION = 1.0;
				PRODUCT_BUNDLE_IDENTIFIER = com.tnt.DailyGrind47Tests;
				PRODUCT_NAME = "$(TARGET_NAME)";
				SDKROOT = auto;
				SUPPORTED_PLATFORMS = "iphoneos iphonesimulator macosx";
				SWIFT_EMIT_LOC_STRINGS = NO;
				SWIFT_VERSION = 5.0;
				TARGETED_DEVICE_FAMILY = "1,2";
				TEST_HOST = "$(BUILT_PRODUCTS_DIR)/DailyGrind47.app/$(BUNDLE_EXECUTABLE_FOLDER_PATH)/DailyGrind47";
			};
			name = Debug;
		};
		37EEDA562C817AFF00A4F267 /* Release */ = {
			isa = XCBuildConfiguration;
			buildSettings = {
				ALWAYS_EMBED_SWIFT_STANDARD_LIBRARIES = YES;
				BUNDLE_LOADER = "$(TEST_HOST)";
				CODE_SIGN_STYLE = Automatic;
				CURRENT_PROJECT_VERSION = 1;
				DEVELOPMENT_TEAM = 99S33YCFRB;
				GENERATE_INFOPLIST_FILE = YES;
				IPHONEOS_DEPLOYMENT_TARGET = 17.5;
				MACOSX_DEPLOYMENT_TARGET = 14.5;
				MARKETING_VERSION = 1.0;
				PRODUCT_BUNDLE_IDENTIFIER = com.tnt.DailyGrind47Tests;
				PRODUCT_NAME = "$(TARGET_NAME)";
				SDKROOT = auto;
				SUPPORTED_PLATFORMS = "iphoneos iphonesimulator macosx";
				SWIFT_EMIT_LOC_STRINGS = NO;
				SWIFT_VERSION = 5.0;
				TARGETED_DEVICE_FAMILY = "1,2";
				TEST_HOST = "$(BUILT_PRODUCTS_DIR)/DailyGrind47.app/$(BUNDLE_EXECUTABLE_FOLDER_PATH)/DailyGrind47";
			};
			name = Release;
		};
		37EEDA582C817AFF00A4F267 /* Debug */ = {
			isa = XCBuildConfiguration;
			buildSettings = {
				ALWAYS_EMBED_SWIFT_STANDARD_LIBRARIES = YES;
				CODE_SIGN_STYLE = Automatic;
				CURRENT_PROJECT_VERSION = 1;
				DEVELOPMENT_TEAM = 99S33YCFRB;
				GENERATE_INFOPLIST_FILE = YES;
				IPHONEOS_DEPLOYMENT_TARGET = 17.5;
				MACOSX_DEPLOYMENT_TARGET = 14.5;
				MARKETING_VERSION = 1.0;
				PRODUCT_BUNDLE_IDENTIFIER = com.tnt.DailyGrind47UITests;
				PRODUCT_NAME = "$(TARGET_NAME)";
				SDKROOT = auto;
				SUPPORTED_PLATFORMS = "iphoneos iphonesimulator macosx";
				SWIFT_EMIT_LOC_STRINGS = NO;
				SWIFT_VERSION = 5.0;
				TARGETED_DEVICE_FAMILY = "1,2";
				TEST_TARGET_NAME = DailyGrind47;
			};
			name = Debug;
		};
		37EEDA592C817AFF00A4F267 /* Release */ = {
			isa = XCBuildConfiguration;
			buildSettings = {
				ALWAYS_EMBED_SWIFT_STANDARD_LIBRARIES = YES;
				CODE_SIGN_STYLE = Automatic;
				CURRENT_PROJECT_VERSION = 1;
				DEVELOPMENT_TEAM = 99S33YCFRB;
				GENERATE_INFOPLIST_FILE = YES;
				IPHONEOS_DEPLOYMENT_TARGET = 17.5;
				MACOSX_DEPLOYMENT_TARGET = 14.5;
				MARKETING_VERSION = 1.0;
				PRODUCT_BUNDLE_IDENTIFIER = com.tnt.DailyGrind47UITests;
				PRODUCT_NAME = "$(TARGET_NAME)";
				SDKROOT = auto;
				SUPPORTED_PLATFORMS = "iphoneos iphonesimulator macosx";
				SWIFT_EMIT_LOC_STRINGS = NO;
				SWIFT_VERSION = 5.0;
				TARGETED_DEVICE_FAMILY = "1,2";
				TEST_TARGET_NAME = DailyGrind47;
			};
			name = Release;
		};
/* End XCBuildConfiguration section */

/* Begin XCConfigurationList section */
		37EEDA272C817AFE00A4F267 /* Build configuration list for PBXProject "DailyGrind47" */ = {
			isa = XCConfigurationList;
			buildConfigurations = (
				37EEDA4F2C817AFF00A4F267 /* Debug */,
				37EEDA502C817AFF00A4F267 /* Release */,
			);
			defaultConfigurationIsVisible = 0;
			defaultConfigurationName = Release;
		};
		37EEDA512C817AFF00A4F267 /* Build configuration list for PBXNativeTarget "DailyGrind47" */ = {
			isa = XCConfigurationList;
			buildConfigurations = (
				37EEDA522C817AFF00A4F267 /* Debug */,
				37EEDA532C817AFF00A4F267 /* Release */,
			);
			defaultConfigurationIsVisible = 0;
			defaultConfigurationName = Release;
		};
		37EEDA542C817AFF00A4F267 /* Build configuration list for PBXNativeTarget "DailyGrind47Tests" */ = {
			isa = XCConfigurationList;
			buildConfigurations = (
				37EEDA552C817AFF00A4F267 /* Debug */,
				37EEDA562C817AFF00A4F267 /* Release */,
			);
			defaultConfigurationIsVisible = 0;
			defaultConfigurationName = Release;
		};
		37EEDA572C817AFF00A4F267 /* Build configuration list for PBXNativeTarget "DailyGrind47UITests" */ = {
			isa = XCConfigurationList;
			buildConfigurations = (
				37EEDA582C817AFF00A4F267 /* Debug */,
				37EEDA592C817AFF00A4F267 /* Release */,
			);
			defaultConfigurationIsVisible = 0;
			defaultConfigurationName = Release;
		};
/* End XCConfigurationList section */
	};
	rootObject = 37EEDA242C817AFE00A4F267 /* Project object */;
}
